
Microsoft Visual Studio Solution File, Format Version 12.00
# Visual Studio Version 17
VisualStudioVersion = 17.9.34723.18
MinimumVisualStudioVersion = 10.0.40219.1
Project("{9A19103F-16F7-4668-BE54-9A1E7A4F7556}") = "Studentgram", "Studentgram\Studentgram.csproj", "{CCED2F50-D3D3-4C2F-B60A-414EEB6AB4FF}"
EndProject
Global
	GlobalSection(SolutionConfigurationPlatforms) = preSolution
		Debug|Any CPU = Debug|Any CPU
		Release|Any CPU = Release|Any CPU
	EndGlobalSection
	GlobalSection(ProjectConfigurationPlatforms) = postSolution
		{CCED2F50-D3D3-4C2F-B60A-414EEB6AB4FF}.Debug|Any CPU.ActiveCfg = Debug|Any CPU
		{CCED2F50-D3D3-4C2F-B60A-414EEB6AB4FF}.Debug|Any CPU.Build.0 = Debug|Any CPU
		{CCED2F50-D3D3-4C2F-B60A-414EEB6AB4FF}.Release|Any CPU.ActiveCfg = Release|Any CPU
		{CCED2F50-D3D3-4C2F-B60A-414EEB6AB4FF}.Release|Any CPU.Build.0 = Release|Any CPU
	EndGlobalSection
	GlobalSection(SolutionProperties) = preSolution
		HideSolutionNode = FALSE
	EndGlobalSection
	GlobalSection(ExtensibilityGlobals) = postSolution
		SolutionGuid = {82D0FAB4-6932-439B-9DCA-FE39C494B8D4}
	EndGlobalSection
EndGlobal
